
Microsoft Visual Studio Solution File, Format Version 12.00
Project("{2150E333-8FDC-42A3-9474-1A3956D46DE8}") = "src", "src", "{292D3D07-3263-4915-971E-C5AEE551A848}"
EndProject
Project("{2150E333-8FDC-42A3-9474-1A3956D46DE8}") = "tests", "tests", "{21874A19-A902-437A-AEA1-F31E91291991}"
EndProject
Project("{2150E333-8FDC-42A3-9474-1A3956D46DE8}") = "microservices", "microservices", "{DEDC4D36-2471-4C34-A784-F49393AD732E}"
EndProject
Project("{2150E333-8FDC-42A3-9474-1A3956D46DE8}") = "ProductMicroservice", "ProductMicroservice", "{2340A734-D1A6-4D8E-B2B8-CDE64C40AD7C}"
EndProject
Project("{FAE04EC0-301F-11D3-BF4B-00C04F79EFBC}") = "ProductMicroservice.Domain", "src\microservices\ProductMicroservice\ProductMicroservice.Domain\ProductMicroservice.Domain.csproj", "{C12F6B1B-FB52-4660-81DA-C7FA73B61C33}"
EndProject
Project("{2150E333-8FDC-42A3-9474-1A3956D46DE8}") = "ProductMicroservice", "ProductMicroservice", "{D9D87688-658A-482D-A457-BDF003AFC13C}"
EndProject
Project("{FAE04EC0-301F-11D3-BF4B-00C04F79EFBC}") = "ProductMicroservice.UnitTests", "tests\ProductMicroservice\ProductMicroservice.UnitTests\ProductMicroservice.UnitTests.csproj", "{626D8A72-6FB3-4E7F-B97C-026EC00AA8EF}"
EndProject
Project("{FAE04EC0-301F-11D3-BF4B-00C04F79EFBC}") = "ProductMicroservice.Infra.Data.EF", "src\microservices\ProductMicroservice\ProductMicroservice.Infra.Data.EF\ProductMicroservice.Infra.Data.EF.csproj", "{EC997FF4-336B-4137-BC1F-9D28C6954FB3}"
EndProject
Project("{FAE04EC0-301F-11D3-BF4B-00C04F79EFBC}") = "ProductMicroservice.Application", "src\microservices\ProductMicroservice\ProductMicroservice.Application\ProductMicroservice.Application.csproj", "{3FA82752-70AC-41B2-981C-4FFD4B28F2AE}"
EndProject
Project("{FAE04EC0-301F-11D3-BF4B-00C04F79EFBC}") = "ProductMicroservice.API", "src\microservices\ProductMicroservice\ProductMicroservice.API\ProductMicroservice.API.csproj", "{4F468DC6-71CE-46E1-9097-B8FF633C8D2F}"
EndProject
Project("{2150E333-8FDC-42A3-9474-1A3956D46DE8}") = "WarrantyMicroservice", "WarrantyMicroservice", "{2A7EA17B-83AC-429F-AF0A-0A125506ADAD}"
EndProject
Project("{FAE04EC0-301F-11D3-BF4B-00C04F79EFBC}") = "WarrantyMicroservice.Domain", "src\microservices\WarrantyMicroservice\WarrantyMicroservice.Domain\WarrantyMicroservice.Domain.csproj", "{5A3B6429-3288-4A87-A546-C315C493F5FA}"
EndProject
Project("{FAE04EC0-301F-11D3-BF4B-00C04F79EFBC}") = "WarrantyMicroservice.Infra.Data.EF", "src\microservices\WarrantyMicroservice\WarrantyMicroservice.Infra.Data.EF\WarrantyMicroservice.Infra.Data.EF.csproj", "{1EBD5E02-CFE7-4B84-BE31-18B16EBE8ABB}"
EndProject
Project("{FAE04EC0-301F-11D3-BF4B-00C04F79EFBC}") = "WarrantyMicroservice.Application", "src\microservices\WarrantyMicroservice\WarrantyMicroservice.Application\WarrantyMicroservice.Application.csproj", "{E66F88FA-9269-4B9A-9F8B-666EEFC5F9A2}"
EndProject
Project("{FAE04EC0-301F-11D3-BF4B-00C04F79EFBC}") = "WarrantyMicroservice.API", "src\microservices\WarrantyMicroservice\WarrantyMicroservice.API\WarrantyMicroservice.API.csproj", "{E83607C5-A75E-4171-8AD7-2FFD2BD4EAEF}"
EndProject
Project("{2150E333-8FDC-42A3-9474-1A3956D46DE8}") = "WarrantyMicroservice", "WarrantyMicroservice", "{D686E465-3A48-4E89-A008-CF8E43F4D5C0}"
EndProject
Project("{FAE04EC0-301F-11D3-BF4B-00C04F79EFBC}") = "WarrantyMicroservice.UnitTests", "tests\WarrantyMicroservice\WarrantyMicroservice.UnitTests\WarrantyMicroservice.UnitTests.csproj", "{8FCB937D-B6B7-46C7-9402-AC38F01EEC7D}"
EndProject
Project("{2150E333-8FDC-42A3-9474-1A3956D46DE8}") = "SaleMicroservice", "SaleMicroservice", "{4B082457-679D-4915-B6DD-9D03FC1DB2D5}"
	ProjectSection(SolutionItems) = preProject
		src\microservices\SaleMicroservice\SalesMicroservice.API\obj\Debug\net8.0\.NETCoreApp,Version = v8.0.AssemblyAttributes.cs = src\microservices\SaleMicroservice\SalesMicroservice.API\obj\Debug\net8.0\.NETCoreApp,Version=v8.0.AssemblyAttributes.cs
	EndProjectSection
EndProject
Project("{FAE04EC0-301F-11D3-BF4B-00C04F79EFBC}") = "SaleMicroservice.API", "src\microservices\SaleMicroservice\SaleMicroservice.API\SaleMicroservice.API.csproj", "{B3250EB3-AD2F-41A7-BCB3-F1DCD6647A8D}"
EndProject
Project("{2150E333-8FDC-42A3-9474-1A3956D46DE8}") = "SaleMicroservice", "SaleMicroservice", "{1F482A57-183A-44A6-B134-A0657E5D1F53}"
EndProject
Project("{FAE04EC0-301F-11D3-BF4B-00C04F79EFBC}") = "SaleMicroservice.UnitTests", "tests\SaleMicroservice\SaleMicroservice.UnitTests\SaleMicroservice.UnitTests.csproj", "{D0856C9A-BEA2-453D-BB76-D4369B98CA67}"
EndProject
Global
	GlobalSection(SolutionConfigurationPlatforms) = preSolution
		Debug|Any CPU = Debug|Any CPU
		Release|Any CPU = Release|Any CPU
	EndGlobalSection
	GlobalSection(ProjectConfigurationPlatforms) = postSolution
		{C12F6B1B-FB52-4660-81DA-C7FA73B61C33}.Debug|Any CPU.ActiveCfg = Debug|Any CPU
		{C12F6B1B-FB52-4660-81DA-C7FA73B61C33}.Debug|Any CPU.Build.0 = Debug|Any CPU
		{C12F6B1B-FB52-4660-81DA-C7FA73B61C33}.Release|Any CPU.ActiveCfg = Release|Any CPU
		{C12F6B1B-FB52-4660-81DA-C7FA73B61C33}.Release|Any CPU.Build.0 = Release|Any CPU
		{626D8A72-6FB3-4E7F-B97C-026EC00AA8EF}.Debug|Any CPU.ActiveCfg = Debug|Any CPU
		{626D8A72-6FB3-4E7F-B97C-026EC00AA8EF}.Debug|Any CPU.Build.0 = Debug|Any CPU
		{626D8A72-6FB3-4E7F-B97C-026EC00AA8EF}.Release|Any CPU.ActiveCfg = Release|Any CPU
		{626D8A72-6FB3-4E7F-B97C-026EC00AA8EF}.Release|Any CPU.Build.0 = Release|Any CPU
		{EC997FF4-336B-4137-BC1F-9D28C6954FB3}.Debug|Any CPU.ActiveCfg = Debug|Any CPU
		{EC997FF4-336B-4137-BC1F-9D28C6954FB3}.Debug|Any CPU.Build.0 = Debug|Any CPU
		{EC997FF4-336B-4137-BC1F-9D28C6954FB3}.Release|Any CPU.ActiveCfg = Release|Any CPU
		{EC997FF4-336B-4137-BC1F-9D28C6954FB3}.Release|Any CPU.Build.0 = Release|Any CPU
		{3FA82752-70AC-41B2-981C-4FFD4B28F2AE}.Debug|Any CPU.ActiveCfg = Debug|Any CPU
		{3FA82752-70AC-41B2-981C-4FFD4B28F2AE}.Debug|Any CPU.Build.0 = Debug|Any CPU
		{3FA82752-70AC-41B2-981C-4FFD4B28F2AE}.Release|Any CPU.ActiveCfg = Release|Any CPU
		{3FA82752-70AC-41B2-981C-4FFD4B28F2AE}.Release|Any CPU.Build.0 = Release|Any CPU
		{4F468DC6-71CE-46E1-9097-B8FF633C8D2F}.Debug|Any CPU.ActiveCfg = Debug|Any CPU
		{4F468DC6-71CE-46E1-9097-B8FF633C8D2F}.Debug|Any CPU.Build.0 = Debug|Any CPU
		{4F468DC6-71CE-46E1-9097-B8FF633C8D2F}.Release|Any CPU.ActiveCfg = Release|Any CPU
		{4F468DC6-71CE-46E1-9097-B8FF633C8D2F}.Release|Any CPU.Build.0 = Release|Any CPU
		{5A3B6429-3288-4A87-A546-C315C493F5FA}.Debug|Any CPU.ActiveCfg = Debug|Any CPU
		{5A3B6429-3288-4A87-A546-C315C493F5FA}.Debug|Any CPU.Build.0 = Debug|Any CPU
		{5A3B6429-3288-4A87-A546-C315C493F5FA}.Release|Any CPU.ActiveCfg = Release|Any CPU
		{5A3B6429-3288-4A87-A546-C315C493F5FA}.Release|Any CPU.Build.0 = Release|Any CPU
		{1EBD5E02-CFE7-4B84-BE31-18B16EBE8ABB}.Debug|Any CPU.ActiveCfg = Debug|Any CPU
		{1EBD5E02-CFE7-4B84-BE31-18B16EBE8ABB}.Debug|Any CPU.Build.0 = Debug|Any CPU
		{1EBD5E02-CFE7-4B84-BE31-18B16EBE8ABB}.Release|Any CPU.ActiveCfg = Release|Any CPU
		{1EBD5E02-CFE7-4B84-BE31-18B16EBE8ABB}.Release|Any CPU.Build.0 = Release|Any CPU
		{E66F88FA-9269-4B9A-9F8B-666EEFC5F9A2}.Debug|Any CPU.ActiveCfg = Debug|Any CPU
		{E66F88FA-9269-4B9A-9F8B-666EEFC5F9A2}.Debug|Any CPU.Build.0 = Debug|Any CPU
		{E66F88FA-9269-4B9A-9F8B-666EEFC5F9A2}.Release|Any CPU.ActiveCfg = Release|Any CPU
		{E66F88FA-9269-4B9A-9F8B-666EEFC5F9A2}.Release|Any CPU.Build.0 = Release|Any CPU
		{E83607C5-A75E-4171-8AD7-2FFD2BD4EAEF}.Debug|Any CPU.ActiveCfg = Debug|Any CPU
		{E83607C5-A75E-4171-8AD7-2FFD2BD4EAEF}.Debug|Any CPU.Build.0 = Debug|Any CPU
		{E83607C5-A75E-4171-8AD7-2FFD2BD4EAEF}.Release|Any CPU.ActiveCfg = Release|Any CPU
		{E83607C5-A75E-4171-8AD7-2FFD2BD4EAEF}.Release|Any CPU.Build.0 = Release|Any CPU
		{8FCB937D-B6B7-46C7-9402-AC38F01EEC7D}.Debug|Any CPU.ActiveCfg = Debug|Any CPU
		{8FCB937D-B6B7-46C7-9402-AC38F01EEC7D}.Debug|Any CPU.Build.0 = Debug|Any CPU
		{8FCB937D-B6B7-46C7-9402-AC38F01EEC7D}.Release|Any CPU.ActiveCfg = Release|Any CPU
		{8FCB937D-B6B7-46C7-9402-AC38F01EEC7D}.Release|Any CPU.Build.0 = Release|Any CPU
		{B3250EB3-AD2F-41A7-BCB3-F1DCD6647A8D}.Debug|Any CPU.ActiveCfg = Debug|Any CPU
		{B3250EB3-AD2F-41A7-BCB3-F1DCD6647A8D}.Debug|Any CPU.Build.0 = Debug|Any CPU
		{B3250EB3-AD2F-41A7-BCB3-F1DCD6647A8D}.Release|Any CPU.ActiveCfg = Release|Any CPU
		{B3250EB3-AD2F-41A7-BCB3-F1DCD6647A8D}.Release|Any CPU.Build.0 = Release|Any CPU
		{D0856C9A-BEA2-453D-BB76-D4369B98CA67}.Debug|Any CPU.ActiveCfg = Debug|Any CPU
		{D0856C9A-BEA2-453D-BB76-D4369B98CA67}.Debug|Any CPU.Build.0 = Debug|Any CPU
		{D0856C9A-BEA2-453D-BB76-D4369B98CA67}.Release|Any CPU.ActiveCfg = Release|Any CPU
		{D0856C9A-BEA2-453D-BB76-D4369B98CA67}.Release|Any CPU.Build.0 = Release|Any CPU
	EndGlobalSection
	GlobalSection(NestedProjects) = preSolution
		{DEDC4D36-2471-4C34-A784-F49393AD732E} = {292D3D07-3263-4915-971E-C5AEE551A848}
		{2340A734-D1A6-4D8E-B2B8-CDE64C40AD7C} = {DEDC4D36-2471-4C34-A784-F49393AD732E}
		{C12F6B1B-FB52-4660-81DA-C7FA73B61C33} = {2340A734-D1A6-4D8E-B2B8-CDE64C40AD7C}
		{D9D87688-658A-482D-A457-BDF003AFC13C} = {21874A19-A902-437A-AEA1-F31E91291991}
		{626D8A72-6FB3-4E7F-B97C-026EC00AA8EF} = {D9D87688-658A-482D-A457-BDF003AFC13C}
		{EC997FF4-336B-4137-BC1F-9D28C6954FB3} = {2340A734-D1A6-4D8E-B2B8-CDE64C40AD7C}
		{3FA82752-70AC-41B2-981C-4FFD4B28F2AE} = {2340A734-D1A6-4D8E-B2B8-CDE64C40AD7C}
		{4F468DC6-71CE-46E1-9097-B8FF633C8D2F} = {2340A734-D1A6-4D8E-B2B8-CDE64C40AD7C}
		{2A7EA17B-83AC-429F-AF0A-0A125506ADAD} = {DEDC4D36-2471-4C34-A784-F49393AD732E}
		{5A3B6429-3288-4A87-A546-C315C493F5FA} = {2A7EA17B-83AC-429F-AF0A-0A125506ADAD}
		{1EBD5E02-CFE7-4B84-BE31-18B16EBE8ABB} = {2A7EA17B-83AC-429F-AF0A-0A125506ADAD}
		{E66F88FA-9269-4B9A-9F8B-666EEFC5F9A2} = {2A7EA17B-83AC-429F-AF0A-0A125506ADAD}
		{E83607C5-A75E-4171-8AD7-2FFD2BD4EAEF} = {2A7EA17B-83AC-429F-AF0A-0A125506ADAD}
		{D686E465-3A48-4E89-A008-CF8E43F4D5C0} = {21874A19-A902-437A-AEA1-F31E91291991}
		{8FCB937D-B6B7-46C7-9402-AC38F01EEC7D} = {D686E465-3A48-4E89-A008-CF8E43F4D5C0}
		{4B082457-679D-4915-B6DD-9D03FC1DB2D5} = {DEDC4D36-2471-4C34-A784-F49393AD732E}
		{B3250EB3-AD2F-41A7-BCB3-F1DCD6647A8D} = {4B082457-679D-4915-B6DD-9D03FC1DB2D5}
		{1F482A57-183A-44A6-B134-A0657E5D1F53} = {21874A19-A902-437A-AEA1-F31E91291991}
		{D0856C9A-BEA2-453D-BB76-D4369B98CA67} = {1F482A57-183A-44A6-B134-A0657E5D1F53}
	EndGlobalSection
EndGlobal
